<?xml version="1.0" encoding="utf-8"?>
<Project ToolsVersion="4.0" xmlns="http://schemas.microsoft.com/developer/msbuild/2003">
  <ItemGroup>
    <Filter Include="App">
      <UniqueIdentifier>{ce6f8774-6d65-40e4-9b44-bdd1fcabcbbf}</UniqueIdentifier>
    </Filter>
    <Filter Include="GameEngine">
      <UniqueIdentifier>{bccbee19-6632-4a7a-91a3-c65e56ffd774}</UniqueIdentifier>
    </Filter>
    <Filter Include="GameEngine\WindowingSystem">
      <UniqueIdentifier>{3c4b679e-2be5-4a9f-9c15-7300d93a75ae}</UniqueIdentifier>
    </Filter>
    <Filter Include="GameEngine\GraphicsEngine">
      <UniqueIdentifier>{13074cf3-94ed-4bb4-92f8-d6260c06a521}</UniqueIdentifier>
    </Filter>
    <Filter Include="GameEngine\GraphicsEngine\SwapChain">
      <UniqueIdentifier>{1857b51e-827e-4728-8f66-9f5a9932a62a}</UniqueIdentifier>
    </Filter>
    <Filter Include="GameEngine\GraphicsEngine\DeviceContext">
      <UniqueIdentifier>{71f351ab-9efd-4548-9e00-614a15dbba6b}</UniqueIdentifier>
    </Filter>
    <Filter Include="GameEngine\GraphicsEngine\VertexBuffer">
      <UniqueIdentifier>{2f557e31-3f7c-4ef2-bc8f-81773929b7d6}</UniqueIdentifier>
    </Filter>
    <Filter Include="GameEngine\GraphicsEngine\VertexShader">
      <UniqueIdentifier>{cfe24dd0-22fd-4e7d-956f-871a1269ae88}</UniqueIdentifier>
    </Filter>
    <Filter Include="GameEngine\GraphicsEngine\PixelShader">
      <UniqueIdentifier>{0b28f340-4467-45bd-ab9e-17d203fe0e53}</UniqueIdentifier>
    </Filter>
    <Filter Include="GameEngine\GraphicsEngine\ConstantBuffer">
      <UniqueIdentifier>{b3237fd4-44fd-4c87-9900-25f5ac1a648c}</UniqueIdentifier>
    </Filter>
    <Filter Include="GameEngine\Math">
      <UniqueIdentifier>{57469a2c-bf15-47fd-b1ad-926e3cb38f3e}</UniqueIdentifier>
    </Filter>
    <Filter Include="GameEngine\GraphicsEngine\IndexBuffer">
      <UniqueIdentifier>{88879d71-f652-4850-848f-90bad6078eb0}</UniqueIdentifier>
    </Filter>
    <Filter Include="GameEngine\InputSystem">
      <UniqueIdentifier>{09827429-a6d7-4057-9857-eb2fc5c16c1e}</UniqueIdentifier>
    </Filter>
    <Filter Include="GameEngine\GraphicsEngine\RasterizerState">
      <UniqueIdentifier>{1e518a10-81f1-4053-98fa-67a06f12e5ea}</UniqueIdentifier>
    </Filter>
    <Filter Include="GameEngine\EngineTime">
      <UniqueIdentifier>{ff6f8d06-519e-4841-9f4c-e6d440f687ca}</UniqueIdentifier>
    </Filter>
  </ItemGroup>
  <ItemGroup>
    <ClCompile Include="main.cpp">
      <Filter>App</Filter>
    </ClCompile>
    <ClCompile Include="AppWindow.cpp">
      <Filter>App</Filter>
    </ClCompile>
    <ClCompile Include="Window.cpp">
      <Filter>GameEngine\WindowingSystem</Filter>
    </ClCompile>
    <ClCompile Include="GraphicsEngine.cpp">
      <Filter>GameEngine\GraphicsEngine</Filter>
    </ClCompile>
    <ClCompile Include="SwapChain.cpp">
      <Filter>GameEngine\GraphicsEngine\SwapChain</Filter>
    </ClCompile>
    <ClCompile Include="DeviceContext.cpp">
      <Filter>GameEngine\GraphicsEngine\DeviceContext</Filter>
    </ClCompile>
    <ClCompile Include="VertexBuffer.cpp">
      <Filter>GameEngine\GraphicsEngine\VertexBuffer</Filter>
    </ClCompile>
    <ClCompile Include="VertexShader.cpp">
      <Filter>GameEngine\GraphicsEngine\VertexShader</Filter>
    </ClCompile>
    <ClCompile Include="PixelShader.cpp">
      <Filter>GameEngine\GraphicsEngine\PixelShader</Filter>
    </ClCompile>
    <ClCompile Include="Quad.cpp">
      <Filter>App</Filter>
    </ClCompile>
    <ClCompile Include="ConstantBuffer.cpp">
      <Filter>GameEngine\GraphicsEngine\ConstantBuffer</Filter>
    </ClCompile>
    <ClCompile Include="IndexBuffer.cpp">
      <Filter>GameEngine\GraphicsEngine\IndexBuffer</Filter>
    </ClCompile>
    <ClCompile Include="InputSystem.cpp">
      <Filter>GameEngine\InputSystem</Filter>
    </ClCompile>
    <ClCompile Include="Camera.cpp">
      <Filter>App</Filter>
    </ClCompile>
    <ClCompile Include="RasterizerState.cpp">
      <Filter>GameEngine\GraphicsEngine\RasterizerState</Filter>
    </ClCompile>
    <ClCompile Include="EngineTime.cpp">
      <Filter>GameEngine\EngineTime</Filter>
    </ClCompile>
  </ItemGroup>
  <ItemGroup>
    <ClInclude Include="AppWindow.h">
      <Filter>App</Filter>
    </ClInclude>
    <ClInclude Include="Window.h">
      <Filter>GameEngine\WindowingSystem</Filter>
    </ClInclude>
    <ClInclude Include="GraphicsEngine.h">
      <Filter>GameEngine\GraphicsEngine</Filter>
    </ClInclude>
    <ClInclude Include="SwapChain.h">
      <Filter>GameEngine\GraphicsEngine\SwapChain</Filter>
    </ClInclude>
    <ClInclude Include="DeviceContext.h">
      <Filter>GameEngine\GraphicsEngine\DeviceContext</Filter>
    </ClInclude>
    <ClInclude Include="VertexBuffer.h">
      <Filter>GameEngine\GraphicsEngine\VertexBuffer</Filter>
    </ClInclude>
    <ClInclude Include="VertexShader.h">
      <Filter>GameEngine\GraphicsEngine\VertexShader</Filter>
    </ClInclude>
    <ClInclude Include="PixelShader.h">
      <Filter>GameEngine\GraphicsEngine\PixelShader</Filter>
    </ClInclude>
    <ClInclude Include="Quad.h">
      <Filter>App</Filter>
    </ClInclude>
    <ClInclude Include="vertex.h">
      <Filter>App</Filter>
    </ClInclude>
    <ClInclude Include="ConstantBuffer.h">
      <Filter>GameEngine\GraphicsEngine\ConstantBuffer</Filter>
    </ClInclude>
    <ClInclude Include="Vector3D.h">
      <Filter>GameEngine\Math</Filter>
    </ClInclude>
    <ClInclude Include="Matrix4x4.h">
      <Filter>GameEngine\Math</Filter>
    </ClInclude>
    <ClInclude Include="IndexBuffer.h">
      <Filter>GameEngine\GraphicsEngine\IndexBuffer</Filter>
    </ClInclude>
    <ClInclude Include="InputSystem.h">
      <Filter>GameEngine\InputSystem</Filter>
    </ClInclude>
    <ClInclude Include="InputListener.h">
      <Filter>GameEngine\InputSystem</Filter>
    </ClInclude>
    <ClInclude Include="Point.h">
      <Filter>GameEngine\Math</Filter>
    </ClInclude>
    <ClInclude Include="Vector4D.h">
      <Filter>GameEngine\Math</Filter>
    </ClInclude>
    <ClInclude Include="Camera.h">
      <Filter>App</Filter>
    </ClInclude>
    <ClInclude Include="RasterizerState.h">
      <Filter>GameEngine\GraphicsEngine\RasterizerState</Filter>
    </ClInclude>
    <ClInclude Include="EngineTime.h">
      <Filter>GameEngine\EngineTime</Filter>
    </ClInclude>
  </ItemGroup>
  <ItemGroup>
    <FxCompile Include="shader.fx">
      <Filter>GameEngine</Filter>
    </FxCompile>
    <FxCompile Include="VertexShader.hlsl">
      <Filter>App</Filter>
    </FxCompile>
    <FxCompile Include="PixelShader.hlsl">
      <Filter>App</Filter>
    </FxCompile>
  </ItemGroup>
</Project>